
Microsoft Visual Studio Solution File, Format Version 12.00
# Visual Studio Version 17
VisualStudioVersion = 17.13.35913.81 d17.13
MinimumVisualStudioVersion = 10.0.40219.1
Project("{FAE04EC0-301F-11D3-BF4B-00C04F79EFBC}") = "TaxCalulator.API", "TaxCalulator.API\TaxCalulator.API.csproj", "{42FDD37E-03DB-42EE-953D-3513377B4DE2}"
EndProject
Project("{FAE04EC0-301F-11D3-BF4B-00C04F79EFBC}") = "TaxCalulator.Service", "TaxCalulator.Service\TaxCalulator.Service.csproj", "{E9DBBBE9-1892-4546-942C-FC8E70340E13}"
EndProject
Project("{FAE04EC0-301F-11D3-BF4B-00C04F79EFBC}") = "TaxCalculator.Repo", "TaxCalculator.Repo\TaxCalculator.Repo.csproj", "{C9BF18EC-85C6-46FD-AE45-C40A6F22AF58}"
EndProject
Project("{FAE04EC0-301F-11D3-BF4B-00C04F79EFBC}") = "TaxCalulator.Entities", "TaxCalulator.Entities\TaxCalulator.Entities.csproj", "{198382AC-12EE-4512-96B0-0A419E161060}"
EndProject
Project("{FAE04EC0-301F-11D3-BF4B-00C04F79EFBC}") = "TaxCalulator.DAL", "TaxCalulator.DAL\TaxCalulator.DAL.csproj", "{F361369F-CC21-47C3-A214-CAD640FEBB51}"
EndProject
Global
	GlobalSection(SolutionConfigurationPlatforms) = preSolution
		Debug|Any CPU = Debug|Any CPU
		Release|Any CPU = Release|Any CPU
	EndGlobalSection
	GlobalSection(ProjectConfigurationPlatforms) = postSolution
		{42FDD37E-03DB-42EE-953D-3513377B4DE2}.Debug|Any CPU.ActiveCfg = Debug|Any CPU
		{42FDD37E-03DB-42EE-953D-3513377B4DE2}.Debug|Any CPU.Build.0 = Debug|Any CPU
		{42FDD37E-03DB-42EE-953D-3513377B4DE2}.Release|Any CPU.ActiveCfg = Release|Any CPU
		{42FDD37E-03DB-42EE-953D-3513377B4DE2}.Release|Any CPU.Build.0 = Release|Any CPU
		{E9DBBBE9-1892-4546-942C-FC8E70340E13}.Debug|Any CPU.ActiveCfg = Debug|Any CPU
		{E9DBBBE9-1892-4546-942C-FC8E70340E13}.Debug|Any CPU.Build.0 = Debug|Any CPU
		{E9DBBBE9-1892-4546-942C-FC8E70340E13}.Release|Any CPU.ActiveCfg = Release|Any CPU
		{E9DBBBE9-1892-4546-942C-FC8E70340E13}.Release|Any CPU.Build.0 = Release|Any CPU
		{C9BF18EC-85C6-46FD-AE45-C40A6F22AF58}.Debug|Any CPU.ActiveCfg = Debug|Any CPU
		{C9BF18EC-85C6-46FD-AE45-C40A6F22AF58}.Debug|Any CPU.Build.0 = Debug|Any CPU
		{C9BF18EC-85C6-46FD-AE45-C40A6F22AF58}.Release|Any CPU.ActiveCfg = Release|Any CPU
		{C9BF18EC-85C6-46FD-AE45-C40A6F22AF58}.Release|Any CPU.Build.0 = Release|Any CPU
		{198382AC-12EE-4512-96B0-0A419E161060}.Debug|Any CPU.ActiveCfg = Debug|Any CPU
		{198382AC-12EE-4512-96B0-0A419E161060}.Debug|Any CPU.Build.0 = Debug|Any CPU
		{198382AC-12EE-4512-96B0-0A419E161060}.Release|Any CPU.ActiveCfg = Release|Any CPU
		{198382AC-12EE-4512-96B0-0A419E161060}.Release|Any CPU.Build.0 = Release|Any CPU
		{F361369F-CC21-47C3-A214-CAD640FEBB51}.Debug|Any CPU.ActiveCfg = Debug|Any CPU
		{F361369F-CC21-47C3-A214-CAD640FEBB51}.Debug|Any CPU.Build.0 = Debug|Any CPU
		{F361369F-CC21-47C3-A214-CAD640FEBB51}.Release|Any CPU.ActiveCfg = Release|Any CPU
		{F361369F-CC21-47C3-A214-CAD640FEBB51}.Release|Any CPU.Build.0 = Release|Any CPU
	EndGlobalSection
	GlobalSection(SolutionProperties) = preSolution
		HideSolutionNode = FALSE
	EndGlobalSection
	GlobalSection(ExtensibilityGlobals) = postSolution
		SolutionGuid = {5871A544-2CB4-4A85-A5D6-599F79CE6E36}
	EndGlobalSection
EndGlobal
